
Microsoft Visual Studio Solution File, Format Version 12.00
# Visual Studio 15
VisualStudioVersion = 15.0.28010.2036
MinimumVisualStudioVersion = 10.0.40219.1
Project("{FAE04EC0-301F-11D3-BF4B-00C04F79EFBC}") = "MyLinkedList", "MyLinkedList\MyLinkedList.csproj", "{5CA605C7-D104-419F-B4EB-FA4DF9FD6C0B}"
EndProject
Project("{FAE04EC0-301F-11D3-BF4B-00C04F79EFBC}") = "MyLinkedListUT", "MyLinkedListUT\MyLinkedListUT.csproj", "{A9445F48-0A66-4219-B3C0-35D0C13B6E42}"
EndProject
Global
	GlobalSection(SolutionConfigurationPlatforms) = preSolution
		Debug|Any CPU = Debug|Any CPU
		Release|Any CPU = Release|Any CPU
	EndGlobalSection
	GlobalSection(ProjectConfigurationPlatforms) = postSolution
		{5CA605C7-D104-419F-B4EB-FA4DF9FD6C0B}.Debug|Any CPU.ActiveCfg = Debug|Any CPU
		{5CA605C7-D104-419F-B4EB-FA4DF9FD6C0B}.Debug|Any CPU.Build.0 = Debug|Any CPU
		{5CA605C7-D104-419F-B4EB-FA4DF9FD6C0B}.Release|Any CPU.ActiveCfg = Release|Any CPU
		{5CA605C7-D104-419F-B4EB-FA4DF9FD6C0B}.Release|Any CPU.Build.0 = Release|Any CPU
		{A9445F48-0A66-4219-B3C0-35D0C13B6E42}.Debug|Any CPU.ActiveCfg = Debug|Any CPU
		{A9445F48-0A66-4219-B3C0-35D0C13B6E42}.Debug|Any CPU.Build.0 = Debug|Any CPU
		{A9445F48-0A66-4219-B3C0-35D0C13B6E42}.Release|Any CPU.ActiveCfg = Release|Any CPU
		{A9445F48-0A66-4219-B3C0-35D0C13B6E42}.Release|Any CPU.Build.0 = Release|Any CPU
	EndGlobalSection
	GlobalSection(SolutionProperties) = preSolution
		HideSolutionNode = FALSE
	EndGlobalSection
	GlobalSection(ExtensibilityGlobals) = postSolution
		SolutionGuid = {56DB6FDB-11EC-419A-950E-FAE0F245C517}
	EndGlobalSection
EndGlobal
